
Microsoft Visual Studio Solution File, Format Version 12.00
# Visual Studio Version 17
VisualStudioVersion = 17.5.002.0
MinimumVisualStudioVersion = 10.0.40219.1
Project("{9A19103F-16F7-4668-BE54-9A1E7A4F7556}") = "Homework1", "Homework1.csproj", "{B0A76BC6-AD8B-443A-BEFD-FFFB46929D88}"
EndProject
Global
	GlobalSection(SolutionConfigurationPlatforms) = preSolution
		Debug|Any CPU = Debug|Any CPU
		Release|Any CPU = Release|Any CPU
	EndGlobalSection
	GlobalSection(ProjectConfigurationPlatforms) = postSolution
		{B0A76BC6-AD8B-443A-BEFD-FFFB46929D88}.Debug|Any CPU.ActiveCfg = Debug|Any CPU
		{B0A76BC6-AD8B-443A-BEFD-FFFB46929D88}.Debug|Any CPU.Build.0 = Debug|Any CPU
		{B0A76BC6-AD8B-443A-BEFD-FFFB46929D88}.Release|Any CPU.ActiveCfg = Release|Any CPU
		{B0A76BC6-AD8B-443A-BEFD-FFFB46929D88}.Release|Any CPU.Build.0 = Release|Any CPU
	EndGlobalSection
	GlobalSection(SolutionProperties) = preSolution
		HideSolutionNode = FALSE
	EndGlobalSection
	GlobalSection(ExtensibilityGlobals) = postSolution
		SolutionGuid = {83E74365-4A2D-420F-9B19-99EBB02C0EB8}
	EndGlobalSection
EndGlobal
