
Microsoft Visual Studio Solution File, Format Version 12.00
# Visual Studio Version 17
VisualStudioVersion = 17.6.33815.320
MinimumVisualStudioVersion = 10.0.40219.1
Project("{FAE04EC0-301F-11D3-BF4B-00C04F79EFBC}") = "inlamningsuppgift1_winforms", "inlamningsuppgift1_winforms.csproj", "{01CCE544-FE2A-4592-8C29-4B2A09E1580D}"
EndProject
Global
	GlobalSection(SolutionConfigurationPlatforms) = preSolution
		Debug|Any CPU = Debug|Any CPU
		Release|Any CPU = Release|Any CPU
	EndGlobalSection
	GlobalSection(ProjectConfigurationPlatforms) = postSolution
		{01CCE544-FE2A-4592-8C29-4B2A09E1580D}.Debug|Any CPU.ActiveCfg = Debug|Any CPU
		{01CCE544-FE2A-4592-8C29-4B2A09E1580D}.Debug|Any CPU.Build.0 = Debug|Any CPU
		{01CCE544-FE2A-4592-8C29-4B2A09E1580D}.Release|Any CPU.ActiveCfg = Release|Any CPU
		{01CCE544-FE2A-4592-8C29-4B2A09E1580D}.Release|Any CPU.Build.0 = Release|Any CPU
	EndGlobalSection
	GlobalSection(SolutionProperties) = preSolution
		HideSolutionNode = FALSE
	EndGlobalSection
	GlobalSection(ExtensibilityGlobals) = postSolution
		SolutionGuid = {B2039844-9705-49FD-82E0-98E1B0E5C89C}
	EndGlobalSection
EndGlobal
